
Microsoft Visual Studio Solution File, Format Version 12.00
# Visual Studio Version 17
VisualStudioVersion = 17.2.32602.215
MinimumVisualStudioVersion = 10.0.40219.1
Project("{FAE04EC0-301F-11D3-BF4B-00C04F79EFBC}") = "A3Grafos", "HelloWorld\A3Grafos.csproj", "{11861E63-C59B-4930-93FC-B0F7890F87D7}"
EndProject
Project("{2150E333-8FDC-42A3-9474-1A3956D46DE8}") = "Itens de Solução", "Itens de Solução", "{FED5DB33-B1F0-4F2A-88AB-8DAD70ED322D}"
EndProject
Global
	GlobalSection(SolutionConfigurationPlatforms) = preSolution
		Debug|Any CPU = Debug|Any CPU
		Release|Any CPU = Release|Any CPU
	EndGlobalSection
	GlobalSection(ProjectConfigurationPlatforms) = postSolution
		{11861E63-C59B-4930-93FC-B0F7890F87D7}.Debug|Any CPU.ActiveCfg = Debug|Any CPU
		{11861E63-C59B-4930-93FC-B0F7890F87D7}.Debug|Any CPU.Build.0 = Debug|Any CPU
		{11861E63-C59B-4930-93FC-B0F7890F87D7}.Release|Any CPU.ActiveCfg = Release|Any CPU
		{11861E63-C59B-4930-93FC-B0F7890F87D7}.Release|Any CPU.Build.0 = Release|Any CPU
	EndGlobalSection
	GlobalSection(SolutionProperties) = preSolution
		HideSolutionNode = FALSE
	EndGlobalSection
	GlobalSection(ExtensibilityGlobals) = postSolution
		SolutionGuid = {964FB937-30BF-458A-90D1-CFBF29343847}
	EndGlobalSection
EndGlobal
